{
  "requires": true,
  "lockfileVersion": 1,
  "dependencies": {
    "webgl-obj-loader": {
      "version": "2.0.3",
      "resolved": "https://registry.npmjs.org/webgl-obj-loader/-/webgl-obj-loader-2.0.3.tgz",
      "integrity": "sha512-hMCkwfue8NcpyuZhjdAak/9YesnyroaklglHirTovSKPJbRxCqbyI5KzgDnhhOOpRaiCUdbmiwvfj1RrqRLJPg=="
    }
  }
}
